// !$*UTF8*$!
{
	archiveVersion = 1;
	classes = {
	};
	objectVersion = 55;
	objects = {

/* Begin PBXBuildFile section */
		0749BCF8C395B686D4C53721 /* Pods_Flixter.framework in Frameworks */ = {isa = PBXBuildFile; fileRef = 3AD23B7C5AB4759350B51BC6 /* Pods_Flixter.framework */; };
		5719BD13B75556D67FCE0F43 /* Pods_FlixterTests.framework in Frameworks */ = {isa = PBXBuildFile; fileRef = E3C2012CC90C44F8E1D5EB9F /* Pods_FlixterTests.framework */; };
		87CFAE2F790013B1649FB9F2 /* Pods_Flixter_FlixterUITests.framework in Frameworks */ = {isa = PBXBuildFile; fileRef = AF5D94B24A0E69B57D915CF0 /* Pods_Flixter_FlixterUITests.framework */; };
		8944A106285CD1BD006D6D3E /* AppDelegate.m in Sources */ = {isa = PBXBuildFile; fileRef = 8944A105285CD1BD006D6D3E /* AppDelegate.m */; };
		8944A109285CD1BD006D6D3E /* SceneDelegate.m in Sources */ = {isa = PBXBuildFile; fileRef = 8944A108285CD1BD006D6D3E /* SceneDelegate.m */; };
		8944A10F285CD1BD006D6D3E /* Main.storyboard in Resources */ = {isa = PBXBuildFile; fileRef = 8944A10D285CD1BD006D6D3E /* Main.storyboard */; };
		8944A111285CD1BE006D6D3E /* Assets.xcassets in Resources */ = {isa = PBXBuildFile; fileRef = 8944A110285CD1BE006D6D3E /* Assets.xcassets */; };
		8944A114285CD1BE006D6D3E /* LaunchScreen.storyboard in Resources */ = {isa = PBXBuildFile; fileRef = 8944A112285CD1BE006D6D3E /* LaunchScreen.storyboard */; };
		8944A117285CD1BE006D6D3E /* main.m in Sources */ = {isa = PBXBuildFile; fileRef = 8944A116285CD1BE006D6D3E /* main.m */; };
		8944A121285CD1BE006D6D3E /* FlixterTests.m in Sources */ = {isa = PBXBuildFile; fileRef = 8944A120285CD1BE006D6D3E /* FlixterTests.m */; };
		8944A12B285CD1BE006D6D3E /* FlixterUITests.m in Sources */ = {isa = PBXBuildFile; fileRef = 8944A12A285CD1BE006D6D3E /* FlixterUITests.m */; };
		8944A12D285CD1BE006D6D3E /* FlixterUITestsLaunchTests.m in Sources */ = {isa = PBXBuildFile; fileRef = 8944A12C285CD1BE006D6D3E /* FlixterUITestsLaunchTests.m */; };
		8944A13B285CD365006D6D3E /* MovieViewController.m in Sources */ = {isa = PBXBuildFile; fileRef = 8944A13A285CD365006D6D3E /* MovieViewController.m */; };
		8944A13E285CF8C9006D6D3E /* MovieCell.m in Sources */ = {isa = PBXBuildFile; fileRef = 8944A13D285CF8C9006D6D3E /* MovieCell.m */; };
		8944A141285D117B006D6D3E /* DetailsViewController.m in Sources */ = {isa = PBXBuildFile; fileRef = 8944A140285D117B006D6D3E /* DetailsViewController.m */; };
/* End PBXBuildFile section */

/* Begin PBXContainerItemProxy section */
		8944A11D285CD1BE006D6D3E /* PBXContainerItemProxy */ = {
			isa = PBXContainerItemProxy;
			containerPortal = 8944A0F9285CD1BD006D6D3E /* Project object */;
			proxyType = 1;
			remoteGlobalIDString = 8944A100285CD1BD006D6D3E;
			remoteInfo = Flixter;
		};
		8944A127285CD1BE006D6D3E /* PBXContainerItemProxy */ = {
			isa = PBXContainerItemProxy;
			containerPortal = 8944A0F9285CD1BD006D6D3E /* Project object */;
			proxyType = 1;
			remoteGlobalIDString = 8944A100285CD1BD006D6D3E;
			remoteInfo = Flixter;
		};
/* End PBXContainerItemProxy section */

/* Begin PBXFileReference section */
		119A91575F7E457489AFD99D /* Pods-FlixterTests.debug.xcconfig */ = {isa = PBXFileReference; includeInIndex = 1; lastKnownFileType = text.xcconfig; name = "Pods-FlixterTests.debug.xcconfig"; path = "Target Support Files/Pods-FlixterTests/Pods-FlixterTests.debug.xcconfig"; sourceTree = "<group>"; };
		3AD23B7C5AB4759350B51BC6 /* Pods_Flixter.framework */ = {isa = PBXFileReference; explicitFileType = wrapper.framework; includeInIndex = 0; path = Pods_Flixter.framework; sourceTree = BUILT_PRODUCTS_DIR; };
		52D02215C12CEC1A74547359 /* Pods-Flixter.debug.xcconfig */ = {isa = PBXFileReference; includeInIndex = 1; lastKnownFileType = text.xcconfig; name = "Pods-Flixter.debug.xcconfig"; path = "Target Support Files/Pods-Flixter/Pods-Flixter.debug.xcconfig"; sourceTree = "<group>"; };
		8944A101285CD1BD006D6D3E /* Flixter.app */ = {isa = PBXFileReference; explicitFileType = wrapper.application; includeInIndex = 0; path = Flixter.app; sourceTree = BUILT_PRODUCTS_DIR; };
		8944A104285CD1BD006D6D3E /* AppDelegate.h */ = {isa = PBXFileReference; lastKnownFileType = sourcecode.c.h; path = AppDelegate.h; sourceTree = "<group>"; };
		8944A105285CD1BD006D6D3E /* AppDelegate.m */ = {isa = PBXFileReference; lastKnownFileType = sourcecode.c.objc; path = AppDelegate.m; sourceTree = "<group>"; };
		8944A107285CD1BD006D6D3E /* SceneDelegate.h */ = {isa = PBXFileReference; lastKnownFileType = sourcecode.c.h; path = SceneDelegate.h; sourceTree = "<group>"; };
		8944A108285CD1BD006D6D3E /* SceneDelegate.m */ = {isa = PBXFileReference; lastKnownFileType = sourcecode.c.objc; path = SceneDelegate.m; sourceTree = "<group>"; };
		8944A10E285CD1BD006D6D3E /* Base */ = {isa = PBXFileReference; lastKnownFileType = file.storyboard; name = Base; path = Base.lproj/Main.storyboard; sourceTree = "<group>"; };
		8944A110285CD1BE006D6D3E /* Assets.xcassets */ = {isa = PBXFileReference; lastKnownFileType = folder.assetcatalog; path = Assets.xcassets; sourceTree = "<group>"; };
		8944A113285CD1BE006D6D3E /* Base */ = {isa = PBXFileReference; lastKnownFileType = file.storyboard; name = Base; path = Base.lproj/LaunchScreen.storyboard; sourceTree = "<group>"; };
		8944A115285CD1BE006D6D3E /* Info.plist */ = {isa = PBXFileReference; lastKnownFileType = text.plist.xml; path = Info.plist; sourceTree = "<group>"; };
		8944A116285CD1BE006D6D3E /* main.m */ = {isa = PBXFileReference; lastKnownFileType = sourcecode.c.objc; path = main.m; sourceTree = "<group>"; };
		8944A11C285CD1BE006D6D3E /* FlixterTests.xctest */ = {isa = PBXFileReference; explicitFileType = wrapper.cfbundle; includeInIndex = 0; path = FlixterTests.xctest; sourceTree = BUILT_PRODUCTS_DIR; };
		8944A120285CD1BE006D6D3E /* FlixterTests.m */ = {isa = PBXFileReference; lastKnownFileType = sourcecode.c.objc; path = FlixterTests.m; sourceTree = "<group>"; };
		8944A126285CD1BE006D6D3E /* FlixterUITests.xctest */ = {isa = PBXFileReference; explicitFileType = wrapper.cfbundle; includeInIndex = 0; path = FlixterUITests.xctest; sourceTree = BUILT_PRODUCTS_DIR; };
		8944A12A285CD1BE006D6D3E /* FlixterUITests.m */ = {isa = PBXFileReference; lastKnownFileType = sourcecode.c.objc; path = FlixterUITests.m; sourceTree = "<group>"; };
		8944A12C285CD1BE006D6D3E /* FlixterUITestsLaunchTests.m */ = {isa = PBXFileReference; lastKnownFileType = sourcecode.c.objc; path = FlixterUITestsLaunchTests.m; sourceTree = "<group>"; };
		8944A139285CD365006D6D3E /* MovieViewController.h */ = {isa = PBXFileReference; lastKnownFileType = sourcecode.c.h; path = MovieViewController.h; sourceTree = "<group>"; };
		8944A13A285CD365006D6D3E /* MovieViewController.m */ = {isa = PBXFileReference; lastKnownFileType = sourcecode.c.objc; path = MovieViewController.m; sourceTree = "<group>"; };
		8944A13C285CF8C9006D6D3E /* MovieCell.h */ = {isa = PBXFileReference; lastKnownFileType = sourcecode.c.h; path = MovieCell.h; sourceTree = "<group>"; };
		8944A13D285CF8C9006D6D3E /* MovieCell.m */ = {isa = PBXFileReference; lastKnownFileType = sourcecode.c.objc; path = MovieCell.m; sourceTree = "<group>"; };
		8944A13F285D117B006D6D3E /* DetailsViewController.h */ = {isa = PBXFileReference; lastKnownFileType = sourcecode.c.h; path = DetailsViewController.h; sourceTree = "<group>"; };
		8944A140285D117B006D6D3E /* DetailsViewController.m */ = {isa = PBXFileReference; lastKnownFileType = sourcecode.c.objc; path = DetailsViewController.m; sourceTree = "<group>"; };
		A3179D815E2BF090A9872C81 /* Pods-Flixter-FlixterUITests.debug.xcconfig */ = {isa = PBXFileReference; includeInIndex = 1; lastKnownFileType = text.xcconfig; name = "Pods-Flixter-FlixterUITests.debug.xcconfig"; path = "Target Support Files/Pods-Flixter-FlixterUITests/Pods-Flixter-FlixterUITests.debug.xcconfig"; sourceTree = "<group>"; };
		AF5D94B24A0E69B57D915CF0 /* Pods_Flixter_FlixterUITests.framework */ = {isa = PBXFileReference; explicitFileType = wrapper.framework; includeInIndex = 0; path = Pods_Flixter_FlixterUITests.framework; sourceTree = BUILT_PRODUCTS_DIR; };
		E3C2012CC90C44F8E1D5EB9F /* Pods_FlixterTests.framework */ = {isa = PBXFileReference; explicitFileType = wrapper.framework; includeInIndex = 0; path = Pods_FlixterTests.framework; sourceTree = BUILT_PRODUCTS_DIR; };
		E543E3A12229C810B98AEDAB /* Pods-Flixter-FlixterUITests.release.xcconfig */ = {isa = PBXFileReference; includeInIndex = 1; lastKnownFileType = text.xcconfig; name = "Pods-Flixter-FlixterUITests.release.xcconfig"; path = "Target Support Files/Pods-Flixter-FlixterUITests/Pods-Flixter-FlixterUITests.release.xcconfig"; sourceTree = "<group>"; };
		F1BB64D07150F41D063247E5 /* Pods-FlixterTests.release.xcconfig */ = {isa = PBXFileReference; includeInIndex = 1; lastKnownFileType = text.xcconfig; name = "Pods-FlixterTests.release.xcconfig"; path = "Target Support Files/Pods-FlixterTests/Pods-FlixterTests.release.xcconfig"; sourceTree = "<group>"; };
		FA177275698DAE664702AE53 /* Pods-Flixter.release.xcconfig */ = {isa = PBXFileReference; includeInIndex = 1; lastKnownFileType = text.xcconfig; name = "Pods-Flixter.release.xcconfig"; path = "Target Support Files/Pods-Flixter/Pods-Flixter.release.xcconfig"; sourceTree = "<group>"; };
/* End PBXFileReference section */

/* Begin PBXFrameworksBuildPhase section */
		8944A0FE285CD1BD006D6D3E /* Frameworks */ = {
			isa = PBXFrameworksBuildPhase;
			buildActionMask = 2147483647;
			files = (
				0749BCF8C395B686D4C53721 /* Pods_Flixter.framework in Frameworks */,
			);
			runOnlyForDeploymentPostprocessing = 0;
		};
		8944A119285CD1BE006D6D3E /* Frameworks */ = {
			isa = PBXFrameworksBuildPhase;
			buildActionMask = 2147483647;
			files = (
				5719BD13B75556D67FCE0F43 /* Pods_FlixterTests.framework in Frameworks */,
			);
			runOnlyForDeploymentPostprocessing = 0;
		};
		8944A123285CD1BE006D6D3E /* Frameworks */ = {
			isa = PBXFrameworksBuildPhase;
			buildActionMask = 2147483647;
			files = (
				87CFAE2F790013B1649FB9F2 /* Pods_Flixter_FlixterUITests.framework in Frameworks */,
			);
			runOnlyForDeploymentPostprocessing = 0;
		};
/* End PBXFrameworksBuildPhase section */

/* Begin PBXGroup section */
		382008FDBE56FBD766AAFE64 /* Frameworks */ = {
			isa = PBXGroup;
			children = (
				3AD23B7C5AB4759350B51BC6 /* Pods_Flixter.framework */,
				AF5D94B24A0E69B57D915CF0 /* Pods_Flixter_FlixterUITests.framework */,
				E3C2012CC90C44F8E1D5EB9F /* Pods_FlixterTests.framework */,
			);
			name = Frameworks;
			sourceTree = "<group>";
		};
		74C552CD79B215E22A8C7D14 /* Pods */ = {
			isa = PBXGroup;
			children = (
				52D02215C12CEC1A74547359 /* Pods-Flixter.debug.xcconfig */,
				FA177275698DAE664702AE53 /* Pods-Flixter.release.xcconfig */,
				A3179D815E2BF090A9872C81 /* Pods-Flixter-FlixterUITests.debug.xcconfig */,
				E543E3A12229C810B98AEDAB /* Pods-Flixter-FlixterUITests.release.xcconfig */,
				119A91575F7E457489AFD99D /* Pods-FlixterTests.debug.xcconfig */,
				F1BB64D07150F41D063247E5 /* Pods-FlixterTests.release.xcconfig */,
			);
			path = Pods;
			sourceTree = "<group>";
		};
		8944A0F8285CD1BD006D6D3E = {
			isa = PBXGroup;
			children = (
				8944A103285CD1BD006D6D3E /* Flixter */,
				8944A11F285CD1BE006D6D3E /* FlixterTests */,
				8944A129285CD1BE006D6D3E /* FlixterUITests */,
				8944A102285CD1BD006D6D3E /* Products */,
				74C552CD79B215E22A8C7D14 /* Pods */,
				382008FDBE56FBD766AAFE64 /* Frameworks */,
			);
			sourceTree = "<group>";
		};
		8944A102285CD1BD006D6D3E /* Products */ = {
			isa = PBXGroup;
			children = (
				8944A101285CD1BD006D6D3E /* Flixter.app */,
				8944A11C285CD1BE006D6D3E /* FlixterTests.xctest */,
				8944A126285CD1BE006D6D3E /* FlixterUITests.xctest */,
			);
			name = Products;
			sourceTree = "<group>";
		};
		8944A103285CD1BD006D6D3E /* Flixter */ = {
			isa = PBXGroup;
			children = (
				8944A104285CD1BD006D6D3E /* AppDelegate.h */,
				8944A105285CD1BD006D6D3E /* AppDelegate.m */,
				8944A107285CD1BD006D6D3E /* SceneDelegate.h */,
				8944A108285CD1BD006D6D3E /* SceneDelegate.m */,
				8944A10D285CD1BD006D6D3E /* Main.storyboard */,
				8944A13C285CF8C9006D6D3E /* MovieCell.h */,
				8944A13D285CF8C9006D6D3E /* MovieCell.m */,
				8944A110285CD1BE006D6D3E /* Assets.xcassets */,
				8944A112285CD1BE006D6D3E /* LaunchScreen.storyboard */,
				8944A139285CD365006D6D3E /* MovieViewController.h */,
				8944A13A285CD365006D6D3E /* MovieViewController.m */,
				8944A115285CD1BE006D6D3E /* Info.plist */,
				8944A116285CD1BE006D6D3E /* main.m */,
				8944A13F285D117B006D6D3E /* DetailsViewController.h */,
				8944A140285D117B006D6D3E /* DetailsViewController.m */,
			);
			path = Flixter;
			sourceTree = "<group>";
		};
		8944A11F285CD1BE006D6D3E /* FlixterTests */ = {
			isa = PBXGroup;
			children = (
				8944A120285CD1BE006D6D3E /* FlixterTests.m */,
			);
			path = FlixterTests;
			sourceTree = "<group>";
		};
		8944A129285CD1BE006D6D3E /* FlixterUITests */ = {
			isa = PBXGroup;
			children = (
				8944A12A285CD1BE006D6D3E /* FlixterUITests.m */,
				8944A12C285CD1BE006D6D3E /* FlixterUITestsLaunchTests.m */,
			);
			path = FlixterUITests;
			sourceTree = "<group>";
		};
/* End PBXGroup section */

/* Begin PBXNativeTarget section */
		8944A100285CD1BD006D6D3E /* Flixter */ = {
			isa = PBXNativeTarget;
			buildConfigurationList = 8944A130285CD1BE006D6D3E /* Build configuration list for PBXNativeTarget "Flixter" */;
			buildPhases = (
				30C118D633A3DE28214DFA82 /* [CP] Check Pods Manifest.lock */,
				8944A0FD285CD1BD006D6D3E /* Sources */,
				8944A0FE285CD1BD006D6D3E /* Frameworks */,
				8944A0FF285CD1BD006D6D3E /* Resources */,
				370EF2C166CED2FE0C0FED10 /* [CP] Embed Pods Frameworks */,
			);
			buildRules = (
			);
			dependencies = (
			);
			name = Flixter;
			productName = Flixter;
			productReference = 8944A101285CD1BD006D6D3E /* Flixter.app */;
			productType = "com.apple.product-type.application";
		};
		8944A11B285CD1BE006D6D3E /* FlixterTests */ = {
			isa = PBXNativeTarget;
			buildConfigurationList = 8944A133285CD1BE006D6D3E /* Build configuration list for PBXNativeTarget "FlixterTests" */;
			buildPhases = (
				3C3A350F9CE514AFA69126F7 /* [CP] Check Pods Manifest.lock */,
				8944A118285CD1BE006D6D3E /* Sources */,
				8944A119285CD1BE006D6D3E /* Frameworks */,
				8944A11A285CD1BE006D6D3E /* Resources */,
			);
			buildRules = (
			);
			dependencies = (
				8944A11E285CD1BE006D6D3E /* PBXTargetDependency */,
			);
			name = FlixterTests;
			productName = FlixterTests;
			productReference = 8944A11C285CD1BE006D6D3E /* FlixterTests.xctest */;
			productType = "com.apple.product-type.bundle.unit-test";
		};
		8944A125285CD1BE006D6D3E /* FlixterUITests */ = {
			isa = PBXNativeTarget;
			buildConfigurationList = 8944A136285CD1BE006D6D3E /* Build configuration list for PBXNativeTarget "FlixterUITests" */;
			buildPhases = (
				40164E39CEEBEA2248EEBE48 /* [CP] Check Pods Manifest.lock */,
				8944A122285CD1BE006D6D3E /* Sources */,
				8944A123285CD1BE006D6D3E /* Frameworks */,
				8944A124285CD1BE006D6D3E /* Resources */,
				51C5CF213FF9A1B2A4C93C47 /* [CP] Embed Pods Frameworks */,
			);
			buildRules = (
			);
			dependencies = (
				8944A128285CD1BE006D6D3E /* PBXTargetDependency */,
			);
			name = FlixterUITests;
			productName = FlixterUITests;
			productReference = 8944A126285CD1BE006D6D3E /* FlixterUITests.xctest */;
			productType = "com.apple.product-type.bundle.ui-testing";
		};
/* End PBXNativeTarget section */

/* Begin PBXProject section */
		8944A0F9285CD1BD006D6D3E /* Project object */ = {
			isa = PBXProject;
			attributes = {
				BuildIndependentTargetsInParallel = 1;
				LastUpgradeCheck = 1340;
				TargetAttributes = {
					8944A100285CD1BD006D6D3E = {
						CreatedOnToolsVersion = 13.4.1;
					};
					8944A11B285CD1BE006D6D3E = {
						CreatedOnToolsVersion = 13.4.1;
						TestTargetID = 8944A100285CD1BD006D6D3E;
					};
					8944A125285CD1BE006D6D3E = {
						CreatedOnToolsVersion = 13.4.1;
						TestTargetID = 8944A100285CD1BD006D6D3E;
					};
				};
			};
			buildConfigurationList = 8944A0FC285CD1BD006D6D3E /* Build configuration list for PBXProject "Flixter" */;
			compatibilityVersion = "Xcode 13.0";
			developmentRegion = en;
			hasScannedForEncodings = 0;
			knownRegions = (
				en,
				Base,
			);
			mainGroup = 8944A0F8285CD1BD006D6D3E;
			productRefGroup = 8944A102285CD1BD006D6D3E /* Products */;
			projectDirPath = "";
			projectRoot = "";
			targets = (
				8944A100285CD1BD006D6D3E /* Flixter */,
				8944A11B285CD1BE006D6D3E /* FlixterTests */,
				8944A125285CD1BE006D6D3E /* FlixterUITests */,
			);
		};
/* End PBXProject section */

/* Begin PBXResourcesBuildPhase section */
		8944A0FF285CD1BD006D6D3E /* Resources */ = {
			isa = PBXResourcesBuildPhase;
			buildActionMask = 2147483647;
			files = (
				8944A114285CD1BE006D6D3E /* LaunchScreen.storyboard in Resources */,
				8944A111285CD1BE006D6D3E /* Assets.xcassets in Resources */,
				8944A10F285CD1BD006D6D3E /* Main.storyboard in Resources */,
			);
			runOnlyForDeploymentPostprocessing = 0;
		};
		8944A11A285CD1BE006D6D3E /* Resources */ = {
			isa = PBXResourcesBuildPhase;
			buildActionMask = 2147483647;
			files = (
			);
			runOnlyForDeploymentPostprocessing = 0;
		};
		8944A124285CD1BE006D6D3E /* Resources */ = {
			isa = PBXResourcesBuildPhase;
			buildActionMask = 2147483647;
			files = (
			);
			runOnlyForDeploymentPostprocessing = 0;
		};
/* End PBXResourcesBuildPhase section */

/* Begin PBXShellScriptBuildPhase section */
		30C118D633A3DE28214DFA82 /* [CP] Check Pods Manifest.lock */ = {
			isa = PBXShellScriptBuildPhase;
			buildActionMask = 2147483647;
			files = (
			);
			inputFileListPaths = (
			);
			inputPaths = (
				"${PODS_PODFILE_DIR_PATH}/Podfile.lock",
				"${PODS_ROOT}/Manifest.lock",
			);
			name = "[CP] Check Pods Manifest.lock";
			outputFileListPaths = (
			);
			outputPaths = (
				"$(DERIVED_FILE_DIR)/Pods-Flixter-checkManifestLockResult.txt",
			);
			runOnlyForDeploymentPostprocessing = 0;
			shellPath = /bin/sh;
			shellScript = "diff \"${PODS_PODFILE_DIR_PATH}/Podfile.lock\" \"${PODS_ROOT}/Manifest.lock\" > /dev/null\nif [ $? != 0 ] ; then\n    # print error to STDERR\n    echo \"error: The sandbox is not in sync with the Podfile.lock. Run 'pod install' or update your CocoaPods installation.\" >&2\n    exit 1\nfi\n# This output is used by Xcode 'outputs' to avoid re-running this script phase.\necho \"SUCCESS\" > \"${SCRIPT_OUTPUT_FILE_0}\"\n";
			showEnvVarsInLog = 0;
		};
		370EF2C166CED2FE0C0FED10 /* [CP] Embed Pods Frameworks */ = {
			isa = PBXShellScriptBuildPhase;
			buildActionMask = 2147483647;
			files = (
			);
			inputFileListPaths = (
				"${PODS_ROOT}/Target Support Files/Pods-Flixter/Pods-Flixter-frameworks-${CONFIGURATION}-input-files.xcfilelist",
			);
			name = "[CP] Embed Pods Frameworks";
			outputFileListPaths = (
				"${PODS_ROOT}/Target Support Files/Pods-Flixter/Pods-Flixter-frameworks-${CONFIGURATION}-output-files.xcfilelist",
			);
			runOnlyForDeploymentPostprocessing = 0;
			shellPath = /bin/sh;
			shellScript = "\"${PODS_ROOT}/Target Support Files/Pods-Flixter/Pods-Flixter-frameworks.sh\"\n";
			showEnvVarsInLog = 0;
		};
		3C3A350F9CE514AFA69126F7 /* [CP] Check Pods Manifest.lock */ = {
			isa = PBXShellScriptBuildPhase;
			buildActionMask = 2147483647;
			files = (
			);
			inputFileListPaths = (
			);
			inputPaths = (
				"${PODS_PODFILE_DIR_PATH}/Podfile.lock",
				"${PODS_ROOT}/Manifest.lock",
			);
			name = "[CP] Check Pods Manifest.lock";
			outputFileListPaths = (
			);
			outputPaths = (
				"$(DERIVED_FILE_DIR)/Pods-FlixterTests-checkManifestLockResult.txt",
			);
			runOnlyForDeploymentPostprocessing = 0;
			shellPath = /bin/sh;
			shellScript = "diff \"${PODS_PODFILE_DIR_PATH}/Podfile.lock\" \"${PODS_ROOT}/Manifest.lock\" > /dev/null\nif [ $? != 0 ] ; then\n    # print error to STDERR\n    echo \"error: The sandbox is not in sync with the Podfile.lock. Run 'pod install' or update your CocoaPods installation.\" >&2\n    exit 1\nfi\n# This output is used by Xcode 'outputs' to avoid re-running this script phase.\necho \"SUCCESS\" > \"${SCRIPT_OUTPUT_FILE_0}\"\n";
			showEnvVarsInLog = 0;
		};
		40164E39CEEBEA2248EEBE48 /* [CP] Check Pods Manifest.lock */ = {
			isa = PBXShellScriptBuildPhase;
			buildActionMask = 2147483647;
			files = (
			);
			inputFileListPaths = (
			);
			inputPaths = (
				"${PODS_PODFILE_DIR_PATH}/Podfile.lock",
				"${PODS_ROOT}/Manifest.lock",
			);
			name = "[CP] Check Pods Manifest.lock";
			outputFileListPaths = (
			);
			outputPaths = (
				"$(DERIVED_FILE_DIR)/Pods-Flixter-FlixterUITests-checkManifestLockResult.txt",
			);
			runOnlyForDeploymentPostprocessing = 0;
			shellPath = /bin/sh;
			shellScript = "diff \"${PODS_PODFILE_DIR_PATH}/Podfile.lock\" \"${PODS_ROOT}/Manifest.lock\" > /dev/null\nif [ $? != 0 ] ; then\n    # print error to STDERR\n    echo \"error: The sandbox is not in sync with the Podfile.lock. Run 'pod install' or update your CocoaPods installation.\" >&2\n    exit 1\nfi\n# This output is used by Xcode 'outputs' to avoid re-running this script phase.\necho \"SUCCESS\" > \"${SCRIPT_OUTPUT_FILE_0}\"\n";
			showEnvVarsInLog = 0;
		};
		51C5CF213FF9A1B2A4C93C47 /* [CP] Embed Pods Frameworks */ = {
			isa = PBXShellScriptBuildPhase;
			buildActionMask = 2147483647;
			files = (
			);
			inputFileListPaths = (
				"${PODS_ROOT}/Target Support Files/Pods-Flixter-FlixterUITests/Pods-Flixter-FlixterUITests-frameworks-${CONFIGURATION}-input-files.xcfilelist",
			);
			name = "[CP] Embed Pods Frameworks";
			outputFileListPaths = (
				"${PODS_ROOT}/Target Support Files/Pods-Flixter-FlixterUITests/Pods-Flixter-FlixterUITests-frameworks-${CONFIGURATION}-output-files.xcfilelist",
			);
			runOnlyForDeploymentPostprocessing = 0;
			shellPath = /bin/sh;
			shellScript = "\"${PODS_ROOT}/Target Support Files/Pods-Flixter-FlixterUITests/Pods-Flixter-FlixterUITests-frameworks.sh\"\n";
			showEnvVarsInLog = 0;
		};
/* End PBXShellScriptBuildPhase section */

/* Begin PBXSourcesBuildPhase section */
		8944A0FD285CD1BD006D6D3E /* Sources */ = {
			isa = PBXSourcesBuildPhase;
			buildActionMask = 2147483647;
			files = (
				8944A106285CD1BD006D6D3E /* AppDelegate.m in Sources */,
				8944A13E285CF8C9006D6D3E /* MovieCell.m in Sources */,
				8944A117285CD1BE006D6D3E /* main.m in Sources */,
				8944A141285D117B006D6D3E /* DetailsViewController.m in Sources */,
				8944A109285CD1BD006D6D3E /* SceneDelegate.m in Sources */,
				8944A13B285CD365006D6D3E /* MovieViewController.m in Sources */,
			);
			runOnlyForDeploymentPostprocessing = 0;
		};
		8944A118285CD1BE006D6D3E /* Sources */ = {
			isa = PBXSourcesBuildPhase;
			buildActionMask = 2147483647;
			files = (
				8944A121285CD1BE006D6D3E /* FlixterTests.m in Sources */,
			);
			runOnlyForDeploymentPostprocessing = 0;
		};
		8944A122285CD1BE006D6D3E /* Sources */ = {
			isa = PBXSourcesBuildPhase;
			buildActionMask = 2147483647;
			files = (
				8944A12B285CD1BE006D6D3E /* FlixterUITests.m in Sources */,
				8944A12D285CD1BE006D6D3E /* FlixterUITestsLaunchTests.m in Sources */,
			);
			runOnlyForDeploymentPostprocessing = 0;
		};
/* End PBXSourcesBuildPhase section */

/* Begin PBXTargetDependency section */
		8944A11E285CD1BE006D6D3E /* PBXTargetDependency */ = {
			isa = PBXTargetDependency;
			target = 8944A100285CD1BD006D6D3E /* Flixter */;
			targetProxy = 8944A11D285CD1BE006D6D3E /* PBXContainerItemProxy */;
		};
		8944A128285CD1BE006D6D3E /* PBXTargetDependency */ = {
			isa = PBXTargetDependency;
			target = 8944A100285CD1BD006D6D3E /* Flixter */;
			targetProxy = 8944A127285CD1BE006D6D3E /* PBXContainerItemProxy */;
		};
/* End PBXTargetDependency section */

/* Begin PBXVariantGroup section */
		8944A10D285CD1BD006D6D3E /* Main.storyboard */ = {
			isa = PBXVariantGroup;
			children = (
				8944A10E285CD1BD006D6D3E /* Base */,
			);
			name = Main.storyboard;
			sourceTree = "<group>";
		};
		8944A112285CD1BE006D6D3E /* LaunchScreen.storyboard */ = {
			isa = PBXVariantGroup;
			children = (
				8944A113285CD1BE006D6D3E /* Base */,
			);
			name = LaunchScreen.storyboard;
			sourceTree = "<group>";
		};
/* End PBXVariantGroup section */

/* Begin XCBuildConfiguration section */
		8944A12E285CD1BE006D6D3E /* Debug */ = {
			isa = XCBuildConfiguration;
			buildSettings = {
				ALWAYS_SEARCH_USER_PATHS = NO;
				CLANG_ANALYZER_NONNULL = YES;
				CLANG_ANALYZER_NUMBER_OBJECT_CONVERSION = YES_AGGRESSIVE;
				CLANG_CXX_LANGUAGE_STANDARD = "gnu++17";
				CLANG_ENABLE_MODULES = YES;
				CLANG_ENABLE_OBJC_ARC = YES;
				CLANG_ENABLE_OBJC_WEAK = YES;
				CLANG_WARN_BLOCK_CAPTURE_AUTORELEASING = YES;
				CLANG_WARN_BOOL_CONVERSION = YES;
				CLANG_WARN_COMMA = YES;
				CLANG_WARN_CONSTANT_CONVERSION = YES;
				CLANG_WARN_DEPRECATED_OBJC_IMPLEMENTATIONS = YES;
				CLANG_WARN_DIRECT_OBJC_ISA_USAGE = YES_ERROR;
				CLANG_WARN_DOCUMENTATION_COMMENTS = YES;
				CLANG_WARN_EMPTY_BODY = YES;
				CLANG_WARN_ENUM_CONVERSION = YES;
				CLANG_WARN_INFINITE_RECURSION = YES;
				CLANG_WARN_INT_CONVERSION = YES;
				CLANG_WARN_NON_LITERAL_NULL_CONVERSION = YES;
				CLANG_WARN_OBJC_IMPLICIT_RETAIN_SELF = YES;
				CLANG_WARN_OBJC_LITERAL_CONVERSION = YES;
				CLANG_WARN_OBJC_ROOT_CLASS = YES_ERROR;
				CLANG_WARN_QUOTED_INCLUDE_IN_FRAMEWORK_HEADER = YES;
				CLANG_WARN_RANGE_LOOP_ANALYSIS = YES;
				CLANG_WARN_STRICT_PROTOTYPES = YES;
				CLANG_WARN_SUSPICIOUS_MOVE = YES;
				CLANG_WARN_UNGUARDED_AVAILABILITY = YES_AGGRESSIVE;
				CLANG_WARN_UNREACHABLE_CODE = YES;
				CLANG_WARN__DUPLICATE_METHOD_MATCH = YES;
				COPY_PHASE_STRIP = NO;
				DEBUG_INFORMATION_FORMAT = dwarf;
				ENABLE_STRICT_OBJC_MSGSEND = YES;
				ENABLE_TESTABILITY = YES;
				GCC_C_LANGUAGE_STANDARD = gnu11;
				GCC_DYNAMIC_NO_PIC = NO;
				GCC_NO_COMMON_BLOCKS = YES;
				GCC_OPTIMIZATION_LEVEL = 0;
				GCC_PREPROCESSOR_DEFINITIONS = (
					"DEBUG=1",
					"$(inherited)",
				);
				GCC_WARN_64_TO_32_BIT_CONVERSION = YES;
				GCC_WARN_ABOUT_RETURN_TYPE = YES_ERROR;
				GCC_WARN_UNDECLARED_SELECTOR = YES;
				GCC_WARN_UNINITIALIZED_AUTOS = YES_AGGRESSIVE;
				GCC_WARN_UNUSED_FUNCTION = YES;
				GCC_WARN_UNUSED_VARIABLE = YES;
				IPHONEOS_DEPLOYMENT_TARGET = 15.5;
				MTL_ENABLE_DEBUG_INFO = INCLUDE_SOURCE;
				MTL_FAST_MATH = YES;
				ONLY_ACTIVE_ARCH = YES;
				SDKROOT = iphoneos;
			};
			name = Debug;
		};
		8944A12F285CD1BE006D6D3E /* Release */ = {
			isa = XCBuildConfiguration;
			buildSettings = {
				ALWAYS_SEARCH_USER_PATHS = NO;
				CLANG_ANALYZER_NONNULL = YES;
				CLANG_ANALYZER_NUMBER_OBJECT_CONVERSION = YES_AGGRESSIVE;
				CLANG_CXX_LANGUAGE_STANDARD = "gnu++17";
				CLANG_ENABLE_MODULES = YES;
				CLANG_ENABLE_OBJC_ARC = YES;
				CLANG_ENABLE_OBJC_WEAK = YES;
				CLANG_WARN_BLOCK_CAPTURE_AUTORELEASING = YES;
				CLANG_WARN_BOOL_CONVERSION = YES;
				CLANG_WARN_COMMA = YES;
				CLANG_WARN_CONSTANT_CONVERSION = YES;
				CLANG_WARN_DEPRECATED_OBJC_IMPLEMENTATIONS = YES;
				CLANG_WARN_DIRECT_OBJC_ISA_USAGE = YES_ERROR;
				CLANG_WARN_DOCUMENTATION_COMMENTS = YES;
				CLANG_WARN_EMPTY_BODY = YES;
				CLANG_WARN_ENUM_CONVERSION = YES;
				CLANG_WARN_INFINITE_RECURSION = YES;
				CLANG_WARN_INT_CONVERSION = YES;
				CLANG_WARN_NON_LITERAL_NULL_CONVERSION = YES;
				CLANG_WARN_OBJC_IMPLICIT_RETAIN_SELF = YES;
				CLANG_WARN_OBJC_LITERAL_CONVERSION = YES;
				CLANG_WARN_OBJC_ROOT_CLASS = YES_ERROR;
				CLANG_WARN_QUOTED_INCLUDE_IN_FRAMEWORK_HEADER = YES;
				CLANG_WARN_RANGE_LOOP_ANALYSIS = YES;
				CLANG_WARN_STRICT_PROTOTYPES = YES;
				CLANG_WARN_SUSPICIOUS_MOVE = YES;
				CLANG_WARN_UNGUARDED_AVAILABILITY = YES_AGGRESSIVE;
				CLANG_WARN_UNREACHABLE_CODE = YES;
				CLANG_WARN__DUPLICATE_METHOD_MATCH = YES;
				COPY_PHASE_STRIP = NO;
				DEBUG_INFORMATION_FORMAT = "dwarf-with-dsym";
				ENABLE_NS_ASSERTIONS = NO;
				ENABLE_STRICT_OBJC_MSGSEND = YES;
				GCC_C_LANGUAGE_STANDARD = gnu11;
				GCC_NO_COMMON_BLOCKS = YES;
				GCC_WARN_64_TO_32_BIT_CONVERSION = YES;
				GCC_WARN_ABOUT_RETURN_TYPE = YES_ERROR;
				GCC_WARN_UNDECLARED_SELECTOR = YES;
				GCC_WARN_UNINITIALIZED_AUTOS = YES_AGGRESSIVE;
				GCC_WARN_UNUSED_FUNCTION = YES;
				GCC_WARN_UNUSED_VARIABLE = YES;
				IPHONEOS_DEPLOYMENT_TARGET = 15.5;
				MTL_ENABLE_DEBUG_INFO = NO;
				MTL_FAST_MATH = YES;
				SDKROOT = iphoneos;
				VALIDATE_PRODUCT = YES;
			};
			name = Release;
		};
		8944A131285CD1BE006D6D3E /* Debug */ = {
			isa = XCBuildConfiguration;
			baseConfigurationReference = 52D02215C12CEC1A74547359 /* Pods-Flixter.debug.xcconfig */;
			buildSettings = {
				ASSETCATALOG_COMPILER_APPICON_NAME = AppIcon;
				ASSETCATALOG_COMPILER_GLOBAL_ACCENT_COLOR_NAME = AccentColor;
				CODE_SIGN_STYLE = Automatic;
				CURRENT_PROJECT_VERSION = 1;
				DEVELOPMENT_TEAM = M97DH9RH5B;
				GENERATE_INFOPLIST_FILE = YES;
				INFOPLIST_FILE = Flixter/Info.plist;
				INFOPLIST_KEY_UIApplicationSupportsIndirectInputEvents = YES;
				INFOPLIST_KEY_UILaunchStoryboardName = LaunchScreen;
				INFOPLIST_KEY_UIMainStoryboardFile = Main;
				INFOPLIST_KEY_UISupportedInterfaceOrientations_iPad = "UIInterfaceOrientationPortrait UIInterfaceOrientationPortraitUpsideDown UIInterfaceOrientationLandscapeLeft UIInterfaceOrientationLandscapeRight";
				INFOPLIST_KEY_UISupportedInterfaceOrientations_iPhone = "UIInterfaceOrientationPortrait UIInterfaceOrientationLandscapeLeft UIInterfaceOrientationLandscapeRight";
				LD_RUNPATH_SEARCH_PATHS = (
					"$(inherited)",
					"@executable_path/Frameworks",
				);
				MARKETING_VERSION = 1.0;
				PRODUCT_BUNDLE_IDENTIFIER = com.facebook.Flixter;
				PRODUCT_NAME = "$(TARGET_NAME)";
				SWIFT_EMIT_LOC_STRINGS = YES;
				TARGETED_DEVICE_FAMILY = "1,2";
			};
			name = Debug;
		};
		8944A132285CD1BE006D6D3E /* Release */ = {
			isa = XCBuildConfiguration;
			baseConfigurationReference = FA177275698DAE664702AE53 /* Pods-Flixter.release.xcconfig */;
			buildSettings = {
				ASSETCATALOG_COMPILER_APPICON_NAME = AppIcon;
				ASSETCATALOG_COMPILER_GLOBAL_ACCENT_COLOR_NAME = AccentColor;
				CODE_SIGN_STYLE = Automatic;
				CURRENT_PROJECT_VERSION = 1;
				DEVELOPMENT_TEAM = M97DH9RH5B;
				GENERATE_INFOPLIST_FILE = YES;
				INFOPLIST_FILE = Flixter/Info.plist;
				INFOPLIST_KEY_UIApplicationSupportsIndirectInputEvents = YES;
				INFOPLIST_KEY_UILaunchStoryboardName = LaunchScreen;
				INFOPLIST_KEY_UIMainStoryboardFile = Main;
				INFOPLIST_KEY_UISupportedInterfaceOrientations_iPad = "UIInterfaceOrientationPortrait UIInterfaceOrientationPortraitUpsideDown UIInterfaceOrientationLandscapeLeft UIInterfaceOrientationLandscapeRight";
				INFOPLIST_KEY_UISupportedInterfaceOrientations_iPhone = "UIInterfaceOrientationPortrait UIInterfaceOrientationLandscapeLeft UIInterfaceOrientationLandscapeRight";
				LD_RUNPATH_SEARCH_PATHS = (
					"$(inherited)",
					"@executable_path/Frameworks",
				);
				MARKETING_VERSION = 1.0;
				PRODUCT_BUNDLE_IDENTIFIER = com.facebook.Flixter;
				PRODUCT_NAME = "$(TARGET_NAME)";
				SWIFT_EMIT_LOC_STRINGS = YES;
				TARGETED_DEVICE_FAMILY = "1,2";
			};
			name = Release;
		};
		8944A134285CD1BE006D6D3E /* Debug */ = {
			isa = XCBuildConfiguration;
			baseConfigurationReference = 119A91575F7E457489AFD99D /* Pods-FlixterTests.debug.xcconfig */;
			buildSettings = {
				BUNDLE_LOADER = "$(TEST_HOST)";
				CODE_SIGN_STYLE = Automatic;
				CURRENT_PROJECT_VERSION = 1;
				DEVELOPMENT_TEAM = M97DH9RH5B;
				GENERATE_INFOPLIST_FILE = YES;
				IPHONEOS_DEPLOYMENT_TARGET = 15.5;
				MARKETING_VERSION = 1.0;
				PRODUCT_BUNDLE_IDENTIFIER = com.facebook.FlixterTests;
				PRODUCT_NAME = "$(TARGET_NAME)";
				SWIFT_EMIT_LOC_STRINGS = NO;
				TARGETED_DEVICE_FAMILY = "1,2";
				TEST_HOST = "$(BUILT_PRODUCTS_DIR)/Flixter.app/Flixter";
			};
			name = Debug;
		};
		8944A135285CD1BE006D6D3E /* Release */ = {
			isa = XCBuildConfiguration;
			baseConfigurationReference = F1BB64D07150F41D063247E5 /* Pods-FlixterTests.release.xcconfig */;
			buildSettings = {
				BUNDLE_LOADER = "$(TEST_HOST)";
				CODE_SIGN_STYLE = Automatic;
				CURRENT_PROJECT_VERSION = 1;
				DEVELOPMENT_TEAM = M97DH9RH5B;
				GENERATE_INFOPLIST_FILE = YES;
				IPHONEOS_DEPLOYMENT_TARGET = 15.5;
				MARKETING_VERSION = 1.0;
				PRODUCT_BUNDLE_IDENTIFIER = com.facebook.FlixterTests;
				PRODUCT_NAME = "$(TARGET_NAME)";
				SWIFT_EMIT_LOC_STRINGS = NO;
				TARGETED_DEVICE_FAMILY = "1,2";
				TEST_HOST = "$(BUILT_PRODUCTS_DIR)/Flixter.app/Flixter";
			};
			name = Release;
		};
		8944A137285CD1BE006D6D3E /* Debug */ = {
			isa = XCBuildConfiguration;
			baseConfigurationReference = A3179D815E2BF090A9872C81 /* Pods-Flixter-FlixterUITests.debug.xcconfig */;
			buildSettings = {
				CODE_SIGN_STYLE = Automatic;
				CURRENT_PROJECT_VERSION = 1;
				DEVELOPMENT_TEAM = M97DH9RH5B;
				GENERATE_INFOPLIST_FILE = YES;
				MARKETING_VERSION = 1.0;
				PRODUCT_BUNDLE_IDENTIFIER = com.facebook.FlixterUITests;
				PRODUCT_NAME = "$(TARGET_NAME)";
				SWIFT_EMIT_LOC_STRINGS = NO;
				TARGETED_DEVICE_FAMILY = "1,2";
				TEST_TARGET_NAME = Flixter;
			};
			name = Debug;
		};
		8944A138285CD1BE006D6D3E /* Release */ = {
			isa = XCBuildConfiguration;
			baseConfigurationReference = E543E3A12229C810B98AEDAB /* Pods-Flixter-FlixterUITests.release.xcconfig */;
			buildSettings = {
				CODE_SIGN_STYLE = Automatic;
				CURRENT_PROJECT_VERSION = 1;
				DEVELOPMENT_TEAM = M97DH9RH5B;
				GENERATE_INFOPLIST_FILE = YES;
				MARKETING_VERSION = 1.0;
				PRODUCT_BUNDLE_IDENTIFIER = com.facebook.FlixterUITests;
				PRODUCT_NAME = "$(TARGET_NAME)";
				SWIFT_EMIT_LOC_STRINGS = NO;
				TARGETED_DEVICE_FAMILY = "1,2";
				TEST_TARGET_NAME = Flixter;
			};
			name = Release;
		};
/* End XCBuildConfiguration section */

/* Begin XCConfigurationList section */
		8944A0FC285CD1BD006D6D3E /* Build configuration list for PBXProject "Flixter" */ = {
			isa = XCConfigurationList;
			buildConfigurations = (
				8944A12E285CD1BE006D6D3E /* Debug */,
				8944A12F285CD1BE006D6D3E /* Release */,
			);
			defaultConfigurationIsVisible = 0;
			defaultConfigurationName = Release;
		};
		8944A130285CD1BE006D6D3E /* Build configuration list for PBXNativeTarget "Flixter" */ = {
			isa = XCConfigurationList;
			buildConfigurations = (
				8944A131285CD1BE006D6D3E /* Debug */,
				8944A132285CD1BE006D6D3E /* Release */,
			);
			defaultConfigurationIsVisible = 0;
			defaultConfigurationName = Release;
		};
		8944A133285CD1BE006D6D3E /* Build configuration list for PBXNativeTarget "FlixterTests" */ = {
			isa = XCConfigurationList;
			buildConfigurations = (
				8944A134285CD1BE006D6D3E /* Debug */,
				8944A135285CD1BE006D6D3E /* Release */,
			);
			defaultConfigurationIsVisible = 0;
			defaultConfigurationName = Release;
		};
		8944A136285CD1BE006D6D3E /* Build configuration list for PBXNativeTarget "FlixterUITests" */ = {
			isa = XCConfigurationList;
			buildConfigurations = (
				8944A137285CD1BE006D6D3E /* Debug */,
				8944A138285CD1BE006D6D3E /* Release */,
			);
			defaultConfigurationIsVisible = 0;
			defaultConfigurationName = Release;
		};
/* End XCConfigurationList section */
	};
	rootObject = 8944A0F9285CD1BD006D6D3E /* Project object */;
}
